
Microsoft Visual Studio Solution File, Format Version 12.00
# Visual Studio Version 17
VisualStudioVersion = 17.3.32922.545
MinimumVisualStudioVersion = 10.0.40219.1
Project("{9A19103F-16F7-4668-BE54-9A1E7A4F7556}") = "michele.console.app", "michele.console.app.csproj", "{752A20F4-8114-4312-986C-85A8AB6B66BF}"
EndProject
Global
	GlobalSection(SolutionConfigurationPlatforms) = preSolution
		Debug|Any CPU = Debug|Any CPU
		Release|Any CPU = Release|Any CPU
	EndGlobalSection
	GlobalSection(ProjectConfigurationPlatforms) = postSolution
		{752A20F4-8114-4312-986C-85A8AB6B66BF}.Debug|Any CPU.ActiveCfg = Debug|Any CPU
		{752A20F4-8114-4312-986C-85A8AB6B66BF}.Debug|Any CPU.Build.0 = Debug|Any CPU
		{752A20F4-8114-4312-986C-85A8AB6B66BF}.Release|Any CPU.ActiveCfg = Release|Any CPU
		{752A20F4-8114-4312-986C-85A8AB6B66BF}.Release|Any CPU.Build.0 = Release|Any CPU
	EndGlobalSection
	GlobalSection(SolutionProperties) = preSolution
		HideSolutionNode = FALSE
	EndGlobalSection
	GlobalSection(ExtensibilityGlobals) = postSolution
		SolutionGuid = {1B3DACF8-DAE0-443A-8380-523FCEC1F749}
	EndGlobalSection
EndGlobal
